<Solution>
  <Configurations>
    <BuildType Name="Debug" />
    <BuildType Name="Release" />
    <BuildType Name="Rsharp_app_release" />
    <Platform Name="Any CPU" />
    <Platform Name="x64" />
  </Configurations>
  <Folder Name="/framework/">
    <Project Path="../../GCModeller/src/runtime/sciBASIC#/Microsoft.VisualBasic.Core/src/Core.vbproj">
      <Platform Solution="*|x64" Project="x64" />
    </Project>
    <Project Path="../../GCModeller/src/runtime/sciBASIC#/mime/application%json/JSON-netcore5.vbproj">
      <Platform Solution="*|x64" Project="x64" />
    </Project>
    <Project Path="../../GCModeller/src/runtime/sciBASIC#/mime/text%yaml/text.yaml.vbproj">
      <Platform Solution="*|x64" Project="x64" />
    </Project>
  </Folder>
  <Project Path="Ollama/Ollama.vbproj">
    <Platform Solution="*|x64" Project="x64" />
  </Project>
  <Project Path="Ollama/test/test.vbproj" Id="939fa896-933a-44f2-9f75-75e8d86f1237">
    <BuildType Solution="Rsharp_app_release|*" Project="Release" />
    <Platform Solution="Debug|x64" Project="x64" />
  </Project>
</Solution>
